
Microsoft Visual Studio Solution File, Format Version 15.00
# Visual Studio 2005
Project("{FAE04EC0-301F-11D3-BF4B-00C04F79EFBC}") = "gf", "gf.csproj", "{FD85585B-F590-49E2-8516-359F22C616CA}"
EndProject
Global
	GlobalSection(SolutionConfigurationPlatforms) = preSolution
		Debug|Any CPU = Debug|Any CPU
		Release|Any CPU = Release|Any CPU
	EndGlobalSection
	GlobalSection(ProjectConfigurationPlatforms) = postSolution
		{FD85585B-F590-49E2-8516-359F22C616CA}.Debug|Any CPU.ActiveCfg = Debug|Any CPU
		{FD85585B-F590-49E2-8516-359F22C616CA}.Debug|Any CPU.Build.0 = Debug|Any CPU
		{FD85585B-F590-49E2-8516-359F22C616CA}.Release|Any CPU.ActiveCfg = Release|Any CPU
		{FD85585B-F590-49E2-8516-359F22C616CA}.Release|Any CPU.Build.0 = Release|Any CPU
	EndGlobalSection
	GlobalSection(SolutionProperties) = preSolution
		HideSolutionNode = FALSE
	EndGlobalSection
	GlobalSection(MonoDevelopProperties) = preSolution
		Policies = $0
		$0.DotNetNamingPolicy = $1
		$1.DirectoryNamespaceAssociation = PrefixedHierarchical
		$0.VersionControlPolicy = $2
	EndGlobalSection
EndGlobal
